<?xml version="1.0" encoding="utf-8"?>
<Project ToolsVersion="4.0" xmlns="http://schemas.microsoft.com/developer/msbuild/2003">
  <ItemGroup>
    <Filter Include="Source Files">
      <UniqueIdentifier>{4FC737F1-C7A5-4376-A066-2A32D752A2FF}</UniqueIdentifier>
      <Extensions>cpp;c;cc;cxx;c++;cppm;ixx;def;odl;idl;hpj;bat;asm;asmx</Extensions>
    </Filter>
    <Filter Include="Header Files">
      <UniqueIdentifier>{93995380-89BD-4b04-88EB-625FBE52EBFB}</UniqueIdentifier>
      <Extensions>h;hh;hpp;hxx;h++;hm;inl;inc;ipp;xsd</Extensions>
    </Filter>
    <Filter Include="Resource Files">
      <UniqueIdentifier>{67DA6AB6-F800-4c08-8B7A-83BB121AAD01}</UniqueIdentifier>
      <Extensions>rc;ico;cur;bmp;dlg;rc2;rct;bin;rgs;gif;jpg;jpeg;jpe;resx;tiff;tif;png;wav;mfcribbon-ms</Extensions>
    </Filter>
    <Filter Include="Header Files\Categoria">
      <UniqueIdentifier>{9f3ed97e-8e7c-436e-8f0a-c4bce54b4984}</UniqueIdentifier>
    </Filter>
    <Filter Include="Source Files\Categoria">
      <UniqueIdentifier>{ad83b425-697b-4c1c-bff2-204aebb323ca}</UniqueIdentifier>
    </Filter>
    <Filter Include="Source Files\VideoJuego">
      <UniqueIdentifier>{2e702316-e264-43f0-af9f-b02c7c44e15c}</UniqueIdentifier>
    </Filter>
    <Filter Include="Header Files\VideoJuego">
      <UniqueIdentifier>{0e569c83-905e-4041-b3f7-2e6e36a909b5}</UniqueIdentifier>
    </Filter>
  </ItemGroup>
  <ItemGroup>
    <ClCompile Include="ProyectoEstructuraDatos.cpp">
      <Filter>Source Files</Filter>
    </ClCompile>
    <ClCompile Include="DBManager.cpp">
      <Filter>Source Files</Filter>
    </ClCompile>
    <ClCompile Include="CategoriaDAO.cpp">
      <Filter>Source Files\Categoria</Filter>
    </ClCompile>
    <ClCompile Include="VideoJuegoDAO.cpp">
      <Filter>Source Files\VideoJuego</Filter>
    </ClCompile>
  </ItemGroup>
  <ItemGroup>
    <ClInclude Include="DBManager.h">
      <Filter>Header Files</Filter>
    </ClInclude>
    <ClInclude Include="Categoria.h">
      <Filter>Header Files\Categoria</Filter>
    </ClInclude>
    <ClInclude Include="ICategoriaDAO.h">
      <Filter>Header Files\Categoria</Filter>
    </ClInclude>
    <ClInclude Include="CategoriaDAO.h">
      <Filter>Header Files\Categoria</Filter>
    </ClInclude>
    <ClInclude Include="ServicioCategoria.h">
      <Filter>Header Files\Categoria</Filter>
    </ClInclude>
    <ClInclude Include="VideoJuego.h">
      <Filter>Header Files\VideoJuego</Filter>
    </ClInclude>
    <ClInclude Include="IVideoJuegoDAO.h">
      <Filter>Header Files\VideoJuego</Filter>
    </ClInclude>
    <ClInclude Include="VideoJuegoDAO.h">
      <Filter>Header Files\VideoJuego</Filter>
    </ClInclude>
    <ClInclude Include="ServicioVideoJuego.h">
      <Filter>Header Files\VideoJuego</Filter>
    </ClInclude>
  </ItemGroup>
</Project>