<?xml version="1.0" encoding="utf-8"?>
<Project ToolsVersion="4.0" xmlns="http://schemas.microsoft.com/developer/msbuild/2003">
  <ItemGroup>
    <Filter Include="Source Files">
      <UniqueIdentifier>{4FC737F1-C7A5-4376-A066-2A32D752A2FF}</UniqueIdentifier>
      <Extensions>cpp;c;cc;cxx;c++;cppm;ixx;def;odl;idl;hpj;bat;asm;asmx</Extensions>
    </Filter>
    <Filter Include="Header Files">
      <UniqueIdentifier>{93995380-89BD-4b04-88EB-625FBE52EBFB}</UniqueIdentifier>
      <Extensions>h;hh;hpp;hxx;h++;hm;inl;inc;ipp;xsd</Extensions>
    </Filter>
    <Filter Include="Resource Files">
      <UniqueIdentifier>{67DA6AB6-F800-4c08-8B7A-83BB121AAD01}</UniqueIdentifier>
      <Extensions>rc;ico;cur;bmp;dlg;rc2;rct;bin;rgs;gif;jpg;jpeg;jpe;resx;tiff;tif;png;wav;mfcribbon-ms</Extensions>
    </Filter>
    <Filter Include="Header Files\Categoria">
      <UniqueIdentifier>{9f3ed97e-8e7c-436e-8f0a-c4bce54b4984}</UniqueIdentifier>
    </Filter>
    <Filter Include="Source Files\Categoria">
      <UniqueIdentifier>{ad83b425-697b-4c1c-bff2-204aebb323ca}</UniqueIdentifier>
    </Filter>
    <Filter Include="Source Files\VideoJuego">
      <UniqueIdentifier>{2e702316-e264-43f0-af9f-b02c7c44e15c}</UniqueIdentifier>
    </Filter>
    <Filter Include="Header Files\VideoJuego">
      <UniqueIdentifier>{0e569c83-905e-4041-b3f7-2e6e36a909b5}</UniqueIdentifier>
    </Filter>
    <Filter Include="Source Files\ArbolBPlus">
      <UniqueIdentifier>{5dd69982-f695-4884-a8a4-6e7a726df1cc}</UniqueIdentifier>
    </Filter>
    <Filter Include="Header Files\ArbolBPlus">
      <UniqueIdentifier>{ca18fc58-9ec4-40c7-aa58-e5327b92be4b}</UniqueIdentifier>
    </Filter>
    <Filter Include="Header Files\Usuario">
      <UniqueIdentifier>{c9643b7b-f367-4297-888d-d029bc0dd7e8}</UniqueIdentifier>
    </Filter>
    <Filter Include="Source Files\Usuarios">
      <UniqueIdentifier>{2da2d9d2-8a02-430b-b2cc-76f731ff9f8a}</UniqueIdentifier>
    </Filter>
    <Filter Include="Header Files\ArbolRN">
      <UniqueIdentifier>{95cc1522-00de-4af0-bd58-082be156422f}</UniqueIdentifier>
    </Filter>
    <Filter Include="Source Files\ArbolRN">
      <UniqueIdentifier>{09c6d783-75f7-4a65-a1c8-82b6f755c74a}</UniqueIdentifier>
    </Filter>
    <Filter Include="Source Files\Juego">
      <UniqueIdentifier>{ab9ef7d9-053a-4e3a-8fd8-d2242218f3b4}</UniqueIdentifier>
    </Filter>
    <Filter Include="Source Files\Resultado">
      <UniqueIdentifier>{f94a51f5-14ab-4b88-89c1-2fc3f6d2f1c0}</UniqueIdentifier>
    </Filter>
    <Filter Include="Header Files\Juego">
      <UniqueIdentifier>{46e02e77-9ae3-491f-b10c-0439e000028b}</UniqueIdentifier>
    </Filter>
    <Filter Include="Header Files\Resultado">
      <UniqueIdentifier>{d5bd2944-918d-491d-ad28-b88d92169b97}</UniqueIdentifier>
    </Filter>
    <Filter Include="Header Files\TablaHash">
      <UniqueIdentifier>{67ac3a43-a907-4597-829f-563088d749fa}</UniqueIdentifier>
    </Filter>
    <Filter Include="Source Files\TablaHash">
      <UniqueIdentifier>{cde76650-8bae-4db1-97b8-73b073df49f3}</UniqueIdentifier>
    </Filter>
  </ItemGroup>
  <ItemGroup>
    <ClCompile Include="ProyectoEstructuraDatos.cpp">
      <Filter>Source Files</Filter>
    </ClCompile>
    <ClCompile Include="DBManager.cpp">
      <Filter>Source Files</Filter>
    </ClCompile>
    <ClCompile Include="CategoriaDAO.cpp">
      <Filter>Source Files\Categoria</Filter>
    </ClCompile>
    <ClCompile Include="VideoJuegoDAO.cpp">
      <Filter>Source Files\VideoJuego</Filter>
    </ClCompile>
    <ClCompile Include="ArbolBPlus.cpp">
      <Filter>Source Files\ArbolBPlus</Filter>
    </ClCompile>
    <ClCompile Include="UsuarioDAO.cpp">
      <Filter>Source Files\Usuarios</Filter>
    </ClCompile>
    <ClCompile Include="ArbolRN.cpp">
      <Filter>Source Files\ArbolRN</Filter>
    </ClCompile>
    <ClCompile Include="JuegoDAO.cpp">
      <Filter>Source Files\Juego</Filter>
    </ClCompile>
    <ClCompile Include="ResultadoDAO.cpp">
      <Filter>Source Files\Resultado</Filter>
    </ClCompile>
    <ClCompile Include="TablaHash.cpp">
      <Filter>Source Files\TablaHash</Filter>
    </ClCompile>
  </ItemGroup>
  <ItemGroup>
    <ClInclude Include="DBManager.h">
      <Filter>Header Files</Filter>
    </ClInclude>
    <ClInclude Include="Categoria.h">
      <Filter>Header Files\Categoria</Filter>
    </ClInclude>
    <ClInclude Include="ICategoriaDAO.h">
      <Filter>Header Files\Categoria</Filter>
    </ClInclude>
    <ClInclude Include="CategoriaDAO.h">
      <Filter>Header Files\Categoria</Filter>
    </ClInclude>
    <ClInclude Include="ServicioCategoria.h">
      <Filter>Header Files\Categoria</Filter>
    </ClInclude>
    <ClInclude Include="VideoJuego.h">
      <Filter>Header Files\VideoJuego</Filter>
    </ClInclude>
    <ClInclude Include="IVideoJuegoDAO.h">
      <Filter>Header Files\VideoJuego</Filter>
    </ClInclude>
    <ClInclude Include="VideoJuegoDAO.h">
      <Filter>Header Files\VideoJuego</Filter>
    </ClInclude>
    <ClInclude Include="ServicioVideoJuego.h">
      <Filter>Header Files\VideoJuego</Filter>
    </ClInclude>
    <ClInclude Include="ArbolBPlus.h">
      <Filter>Header Files\ArbolBPlus</Filter>
    </ClInclude>
    <ClInclude Include="Usuario.h">
      <Filter>Header Files\Usuario</Filter>
    </ClInclude>
    <ClInclude Include="IUsuarioDAO.h">
      <Filter>Header Files\Usuario</Filter>
    </ClInclude>
    <ClInclude Include="UsuarioDAO.h">
      <Filter>Header Files\Usuario</Filter>
    </ClInclude>
    <ClInclude Include="ServicioUsuario.h">
      <Filter>Header Files\Usuario</Filter>
    </ClInclude>
    <ClInclude Include="ArbolRN.h">
      <Filter>Header Files\ArbolRN</Filter>
    </ClInclude>
    <ClInclude Include="Juego.h">
      <Filter>Header Files\Juego</Filter>
    </ClInclude>
    <ClInclude Include="JuegoDAO.h">
      <Filter>Header Files\Juego</Filter>
    </ClInclude>
    <ClInclude Include="IJuegoDAO.h">
      <Filter>Header Files\Juego</Filter>
    </ClInclude>
    <ClInclude Include="ServicioJuego.h">
      <Filter>Header Files\Juego</Filter>
    </ClInclude>
    <ClInclude Include="IResultadoDAO.h">
      <Filter>Header Files\Resultado</Filter>
    </ClInclude>
    <ClInclude Include="Resultado.h">
      <Filter>Header Files\Resultado</Filter>
    </ClInclude>
    <ClInclude Include="ServicioResultado.h">
      <Filter>Header Files\Resultado</Filter>
    </ClInclude>
    <ClInclude Include="ResultadoDAO.h">
      <Filter>Header Files\Resultado</Filter>
    </ClInclude>
    <ClInclude Include="TablaHash.h">
      <Filter>Header Files\TablaHash</Filter>
    </ClInclude>
  </ItemGroup>
</Project>